
Microsoft Visual Studio Solution File, Format Version 12.00
Project("{FAE04EC0-301F-11D3-BF4B-00C04F79EFBC}") = "KTMUDemo", "KTMUDemo\KTMUDemo.csproj", "{56020C2C-5565-4804-9533-3F6FE369BB8E}"
EndProject
Global
	GlobalSection(SolutionConfigurationPlatforms) = preSolution
		Debug|Any CPU = Debug|Any CPU
		Release|Any CPU = Release|Any CPU
	EndGlobalSection
	GlobalSection(ProjectConfigurationPlatforms) = postSolution
		{56020C2C-5565-4804-9533-3F6FE369BB8E}.Debug|Any CPU.ActiveCfg = Debug|Any CPU
		{56020C2C-5565-4804-9533-3F6FE369BB8E}.Debug|Any CPU.Build.0 = Debug|Any CPU
		{56020C2C-5565-4804-9533-3F6FE369BB8E}.Release|Any CPU.ActiveCfg = Release|Any CPU
		{56020C2C-5565-4804-9533-3F6FE369BB8E}.Release|Any CPU.Build.0 = Release|Any CPU
	EndGlobalSection
EndGlobal
